
Microsoft Visual Studio Solution File, Format Version 10.00
# Visual Studio 2008
Project("{FAE04EC0-301F-11D3-BF4B-00C04F79EFBC}") = "adminPainel", "adminPainel\adminPainel.csproj", "{D12108CC-3972-445B-B2CE-08B35C2FE684}"
EndProject
Project("{FAE04EC0-301F-11D3-BF4B-00C04F79EFBC}") = "Biblioteca", "Biblioteca\Biblioteca.csproj", "{3ABEB183-079A-4482-8623-784D25833F04}"
EndProject
Global
	GlobalSection(SolutionConfigurationPlatforms) = preSolution
		Debug|Any CPU = Debug|Any CPU
		Release|Any CPU = Release|Any CPU
	EndGlobalSection
	GlobalSection(ProjectConfigurationPlatforms) = postSolution
		{D12108CC-3972-445B-B2CE-08B35C2FE684}.Debug|Any CPU.ActiveCfg = Debug|Any CPU
		{D12108CC-3972-445B-B2CE-08B35C2FE684}.Debug|Any CPU.Build.0 = Debug|Any CPU
		{D12108CC-3972-445B-B2CE-08B35C2FE684}.Release|Any CPU.ActiveCfg = Release|Any CPU
		{D12108CC-3972-445B-B2CE-08B35C2FE684}.Release|Any CPU.Build.0 = Release|Any CPU
		{3ABEB183-079A-4482-8623-784D25833F04}.Debug|Any CPU.ActiveCfg = Debug|Any CPU
		{3ABEB183-079A-4482-8623-784D25833F04}.Debug|Any CPU.Build.0 = Debug|Any CPU
		{3ABEB183-079A-4482-8623-784D25833F04}.Release|Any CPU.ActiveCfg = Release|Any CPU
		{3ABEB183-079A-4482-8623-784D25833F04}.Release|Any CPU.Build.0 = Release|Any CPU
	EndGlobalSection
	GlobalSection(SolutionProperties) = preSolution
		HideSolutionNode = FALSE
	EndGlobalSection
EndGlobal
